# This file is automatically @generated by Poetry 1.8.3 and should not be changed by hand.

[[package]]
name = "behave"
version = "1.2.6"
description = "behave is behaviour-driven development, Python style"
optional = false
python-versions = ">=2.6, !=3.0.*, !=3.1.*, !=3.2.*"
files = [
    {file = "behave-1.2.6-py2.py3-none-any.whl", hash = "sha256:ebda1a6c9e5bfe95c5f9f0a2794e01c7098b3dde86c10a95d8621c5907ff6f1c"},
    {file = "behave-1.2.6.tar.gz", hash = "sha256:b9662327aa53294c1351b0a9c369093ccec1d21026f050c3bd9b3e5cccf81a86"},
]

[package.dependencies]
parse = ">=1.8.2"
parse-type = ">=0.4.2"
six = ">=1.11"

[package.extras]
develop = ["coverage", "invoke (>=0.21.0)", "modernize (>=0.5)", "path.py (>=8.1.2)", "pathlib", "pycmd", "pylint", "pytest (>=3.0)", "pytest-cov", "tox"]
docs = ["sphinx (>=1.6)", "sphinx-bootstrap-theme (>=0.6)"]

[[package]]
name = "colorama"
version = "0.4.6"
description = "Cross-platform colored terminal text."
optional = false
python-versions = "!=3.0.*,!=3.1.*,!=3.2.*,!=3.3.*,!=3.4.*,!=3.5.*,!=3.6.*,>=2.7"
files = [
    {file = "colorama-0.4.6-py2.py3-none-any.whl", hash = "sha256:4f1d9991f5acc0ca119f9d443620b77f9d6b33703e51011c16baf57afb285fc6"},
    {file = "colorama-0.4.6.tar.gz", hash = "sha256:08695f5cb7ed6e0531a20572697297273c47b8cae5a63ffc6d6ed5c201be6e44"},
]

[[package]]
name = "iniconfig"
version = "2.0.0"
description = "brain-dead simple config-ini parsing"
optional = false
python-versions = ">=3.7"
files = [
    {file = "iniconfig-2.0.0-py3-none-any.whl", hash = "sha256:b6a85871a79d2e3b22d2d1b94ac2824226a63c6b741c88f7ae975f18b6778374"},
    {file = "iniconfig-2.0.0.tar.gz", hash = "sha256:2d91e135bf72d31a410b17c16da610a82cb55f6b0477d1a902134b24a455b8b3"},
]

[[package]]
name = "numpy"
version = "2.1.3"
description = "Fundamental package for array computing in Python"
optional = false
python-versions = ">=3.10"
files = [
    {file = "numpy-2.1.3-cp310-cp310-macosx_10_9_x86_64.whl", hash = "sha256:c894b4305373b9c5576d7a12b473702afdf48ce5369c074ba304cc5ad8730dff"},
    {file = "numpy-2.1.3-cp310-cp310-macosx_11_0_arm64.whl", hash = "sha256:b47fbb433d3260adcd51eb54f92a2ffbc90a4595f8970ee00e064c644ac788f5"},
    {file = "numpy-2.1.3-cp310-cp310-macosx_14_0_arm64.whl", hash = "sha256:825656d0743699c529c5943554d223c021ff0494ff1442152ce887ef4f7561a1"},
    {file = "numpy-2.1.3-cp310-cp310-macosx_14_0_x86_64.whl", hash = "sha256:6a4825252fcc430a182ac4dee5a505053d262c807f8a924603d411f6718b88fd"},
    {file = "numpy-2.1.3-cp310-cp310-manylinux_2_17_aarch64.manylinux2014_aarch64.whl", hash = "sha256:e711e02f49e176a01d0349d82cb5f05ba4db7d5e7e0defd026328e5cfb3226d3"},
    {file = "numpy-2.1.3-cp310-cp310-manylinux_2_17_x86_64.manylinux2014_x86_64.whl", hash = "sha256:78574ac2d1a4a02421f25da9559850d59457bac82f2b8d7a44fe83a64f770098"},
    {file = "numpy-2.1.3-cp310-cp310-musllinux_1_1_x86_64.whl", hash = "sha256:c7662f0e3673fe4e832fe07b65c50342ea27d989f92c80355658c7f888fcc83c"},
    {file = "numpy-2.1.3-cp310-cp310-musllinux_1_2_aarch64.whl", hash = "sha256:fa2d1337dc61c8dc417fbccf20f6d1e139896a30721b7f1e832b2bb6ef4eb6c4"},
    {file = "numpy-2.1.3-cp310-cp310-win32.whl", hash = "sha256:72dcc4a35a8515d83e76b58fdf8113a5c969ccd505c8a946759b24e3182d1f23"},
    {file = "numpy-2.1.3-cp310-cp310-win_amd64.whl", hash = "sha256:ecc76a9ba2911d8d37ac01de72834d8849e55473457558e12995f4cd53e778e0"},
    {file = "numpy-2.1.3-cp311-cp311-macosx_10_9_x86_64.whl", hash = "sha256:4d1167c53b93f1f5d8a139a742b3c6f4d429b54e74e6b57d0eff40045187b15d"},
    {file = "numpy-2.1.3-cp311-cp311-macosx_11_0_arm64.whl", hash = "sha256:c80e4a09b3d95b4e1cac08643f1152fa71a0a821a2d4277334c88d54b2219a41"},
    {file = "numpy-2.1.3-cp311-cp311-macosx_14_0_arm64.whl", hash = "sha256:576a1c1d25e9e02ed7fa5477f30a127fe56debd53b8d2c89d5578f9857d03ca9"},
    {file = "numpy-2.1.3-cp311-cp311-macosx_14_0_x86_64.whl", hash = "sha256:973faafebaae4c0aaa1a1ca1ce02434554d67e628b8d805e61f874b84e136b09"},
    {file = "numpy-2.1.3-cp311-cp311-manylinux_2_17_aarch64.manylinux2014_aarch64.whl", hash = "sha256:762479be47a4863e261a840e8e01608d124ee1361e48b96916f38b119cfda04a"},
    {file = "numpy-2.1.3-cp311-cp311-manylinux_2_17_x86_64.manylinux2014_x86_64.whl", hash = "sha256:bc6f24b3d1ecc1eebfbf5d6051faa49af40b03be1aaa781ebdadcbc090b4539b"},
    {file = "numpy-2.1.3-cp311-cp311-musllinux_1_1_x86_64.whl", hash = "sha256:17ee83a1f4fef3c94d16dc1802b998668b5419362c8a4f4e8a491de1b41cc3ee"},
    {file = "numpy-2.1.3-cp311-cp311-musllinux_1_2_aarch64.whl", hash = "sha256:15cb89f39fa6d0bdfb600ea24b250e5f1a3df23f901f51c8debaa6a5d122b2f0"},
    {file = "numpy-2.1.3-cp311-cp311-win32.whl", hash = "sha256:d9beb777a78c331580705326d2367488d5bc473b49a9bc3036c154832520aca9"},
    {file = "numpy-2.1.3-cp311-cp311-win_amd64.whl", hash = "sha256:d89dd2b6da69c4fff5e39c28a382199ddedc3a5be5390115608345dec660b9e2"},
    {file = "numpy-2.1.3-cp312-cp312-macosx_10_13_x86_64.whl", hash = "sha256:f55ba01150f52b1027829b50d70ef1dafd9821ea82905b63936668403c3b471e"},
    {file = "numpy-2.1.3-cp312-cp312-macosx_11_0_arm64.whl", hash = "sha256:13138eadd4f4da03074851a698ffa7e405f41a0845a6b1ad135b81596e4e9958"},
    {file = "numpy-2.1.3-cp312-cp312-macosx_14_0_arm64.whl", hash = "sha256:a6b46587b14b888e95e4a24d7b13ae91fa22386c199ee7b418f449032b2fa3b8"},
    {file = "numpy-2.1.3-cp312-cp312-macosx_14_0_x86_64.whl", hash = "sha256:0fa14563cc46422e99daef53d725d0c326e99e468a9320a240affffe87852564"},
    {file = "numpy-2.1.3-cp312-cp312-manylinux_2_17_aarch64.manylinux2014_aarch64.whl", hash = "sha256:8637dcd2caa676e475503d1f8fdb327bc495554e10838019651b76d17b98e512"},
    {file = "numpy-2.1.3-cp312-cp312-manylinux_2_17_x86_64.manylinux2014_x86_64.whl", hash = "sha256:2312b2aa89e1f43ecea6da6ea9a810d06aae08321609d8dc0d0eda6d946a541b"},
    {file = "numpy-2.1.3-cp312-cp312-musllinux_1_1_x86_64.whl", hash = "sha256:a38c19106902bb19351b83802531fea19dee18e5b37b36454f27f11ff956f7fc"},
    {file = "numpy-2.1.3-cp312-cp312-musllinux_1_2_aarch64.whl", hash = "sha256:02135ade8b8a84011cbb67dc44e07c58f28575cf9ecf8ab304e51c05528c19f0"},
    {file = "numpy-2.1.3-cp312-cp312-win32.whl", hash = "sha256:e6988e90fcf617da2b5c78902fe8e668361b43b4fe26dbf2d7b0f8034d4cafb9"},
    {file = "numpy-2.1.3-cp312-cp312-win_amd64.whl", hash = "sha256:0d30c543f02e84e92c4b1f415b7c6b5326cbe45ee7882b6b77db7195fb971e3a"},
    {file = "numpy-2.1.3-cp313-cp313-macosx_10_13_x86_64.whl", hash = "sha256:96fe52fcdb9345b7cd82ecd34547fca4321f7656d500eca497eb7ea5a926692f"},
    {file = "numpy-2.1.3-cp313-cp313-macosx_11_0_arm64.whl", hash = "sha256:f653490b33e9c3a4c1c01d41bc2aef08f9475af51146e4a7710c450cf9761598"},
    {file = "numpy-2.1.3-cp313-cp313-macosx_14_0_arm64.whl", hash = "sha256:dc258a761a16daa791081d026f0ed4399b582712e6fc887a95af09df10c5ca57"},
    {file = "numpy-2.1.3-cp313-cp313-macosx_14_0_x86_64.whl", hash = "sha256:016d0f6f5e77b0f0d45d77387ffa4bb89816b57c835580c3ce8e099ef830befe"},
    {file = "numpy-2.1.3-cp313-cp313-manylinux_2_17_aarch64.manylinux2014_aarch64.whl", hash = "sha256:c181ba05ce8299c7aa3125c27b9c2167bca4a4445b7ce73d5febc411ca692e43"},
    {file = "numpy-2.1.3-cp313-cp313-manylinux_2_17_x86_64.manylinux2014_x86_64.whl", hash = "sha256:5641516794ca9e5f8a4d17bb45446998c6554704d888f86df9b200e66bdcce56"},
    {file = "numpy-2.1.3-cp313-cp313-musllinux_1_1_x86_64.whl", hash = "sha256:ea4dedd6e394a9c180b33c2c872b92f7ce0f8e7ad93e9585312b0c5a04777a4a"},
    {file = "numpy-2.1.3-cp313-cp313-musllinux_1_2_aarch64.whl", hash = "sha256:b0df3635b9c8ef48bd3be5f862cf71b0a4716fa0e702155c45067c6b711ddcef"},
    {file = "numpy-2.1.3-cp313-cp313-win32.whl", hash = "sha256:50ca6aba6e163363f132b5c101ba078b8cbd3fa92c7865fd7d4d62d9779ac29f"},
    {file = "numpy-2.1.3-cp313-cp313-win_amd64.whl", hash = "sha256:747641635d3d44bcb380d950679462fae44f54b131be347d5ec2bce47d3df9ed"},
    {file = "numpy-2.1.3-cp313-cp313t-macosx_10_13_x86_64.whl", hash = "sha256:996bb9399059c5b82f76b53ff8bb686069c05acc94656bb259b1d63d04a9506f"},
    {file = "numpy-2.1.3-cp313-cp313t-macosx_11_0_arm64.whl", hash = "sha256:45966d859916ad02b779706bb43b954281db43e185015df6eb3323120188f9e4"},
    {file = "numpy-2.1.3-cp313-cp313t-macosx_14_0_arm64.whl", hash = "sha256:baed7e8d7481bfe0874b566850cb0b85243e982388b7b23348c6db2ee2b2ae8e"},
    {file = "numpy-2.1.3-cp313-cp313t-macosx_14_0_x86_64.whl", hash = "sha256:a9f7f672a3388133335589cfca93ed468509cb7b93ba3105fce780d04a6576a0"},
    {file = "numpy-2.1.3-cp313-cp313t-manylinux_2_17_aarch64.manylinux2014_aarch64.whl", hash = "sha256:d7aac50327da5d208db2eec22eb11e491e3fe13d22653dce51b0f4109101b408"},
    {file = "numpy-2.1.3-cp313-cp313t-manylinux_2_17_x86_64.manylinux2014_x86_64.whl", hash = "sha256:4394bc0dbd074b7f9b52024832d16e019decebf86caf909d94f6b3f77a8ee3b6"},
    {file = "numpy-2.1.3-cp313-cp313t-musllinux_1_1_x86_64.whl", hash = "sha256:50d18c4358a0a8a53f12a8ba9d772ab2d460321e6a93d6064fc22443d189853f"},
    {file = "numpy-2.1.3-cp313-cp313t-musllinux_1_2_aarch64.whl", hash = "sha256:14e253bd43fc6b37af4921b10f6add6925878a42a0c5fe83daee390bca80bc17"},
    {file = "numpy-2.1.3-cp313-cp313t-win32.whl", hash = "sha256:08788d27a5fd867a663f6fc753fd7c3ad7e92747efc73c53bca2f19f8bc06f48"},
    {file = "numpy-2.1.3-cp313-cp313t-win_amd64.whl", hash = "sha256:2564fbdf2b99b3f815f2107c1bbc93e2de8ee655a69c261363a1172a79a257d4"},
    {file = "numpy-2.1.3-pp310-pypy310_pp73-macosx_10_15_x86_64.whl", hash = "sha256:4f2015dfe437dfebbfce7c85c7b53d81ba49e71ba7eadbf1df40c915af75979f"},
    {file = "numpy-2.1.3-pp310-pypy310_pp73-macosx_14_0_x86_64.whl", hash = "sha256:3522b0dfe983a575e6a9ab3a4a4dfe156c3e428468ff08ce582b9bb6bd1d71d4"},
    {file = "numpy-2.1.3-pp310-pypy310_pp73-manylinux_2_17_x86_64.manylinux2014_x86_64.whl", hash = "sha256:c006b607a865b07cd981ccb218a04fc86b600411d83d6fc261357f1c0966755d"},
    {file = "numpy-2.1.3-pp310-pypy310_pp73-win_amd64.whl", hash = "sha256:e14e26956e6f1696070788252dcdff11b4aca4c3e8bd166e0df1bb8f315a67cb"},
    {file = "numpy-2.1.3.tar.gz", hash = "sha256:aa08e04e08aaf974d4458def539dece0d28146d866a39da5639596f4921fd761"},
]

[[package]]
name = "packaging"
version = "24.2"
description = "Core utilities for Python packages"
optional = false
python-versions = ">=3.8"
files = [
    {file = "packaging-24.2-py3-none-any.whl", hash = "sha256:09abb1bccd265c01f4a3aa3f7a7db064b36514d2cba19a2f694fe6150451a759"},
    {file = "packaging-24.2.tar.gz", hash = "sha256:c228a6dc5e932d346bc5739379109d49e8853dd8223571c7c5b55260edc0b97f"},
]

[[package]]
name = "parse"
version = "1.20.2"
description = "parse() is the opposite of format()"
optional = false
python-versions = "*"
files = [
    {file = "parse-1.20.2-py2.py3-none-any.whl", hash = "sha256:967095588cb802add9177d0c0b6133b5ba33b1ea9007ca800e526f42a85af558"},
    {file = "parse-1.20.2.tar.gz", hash = "sha256:b41d604d16503c79d81af5165155c0b20f6c8d6c559efa66b4b695c3e5a0a0ce"},
]

[[package]]
name = "parse-type"
version = "0.6.4"
description = "Simplifies to build parse types based on the parse module"
optional = false
python-versions = "!=3.0.*,!=3.1.*,>=2.7"
files = [
    {file = "parse_type-0.6.4-py2.py3-none-any.whl", hash = "sha256:83d41144a82d6b8541127bf212dd76c7f01baff680b498ce8a4d052a7a5bce4c"},
    {file = "parse_type-0.6.4.tar.gz", hash = "sha256:5e1ec10440b000c3f818006033372939e693a9ec0176f446d9303e4db88489a6"},
]

[package.dependencies]
parse = {version = ">=1.18.0", markers = "python_version >= \"3.0\""}
six = ">=1.15"

[package.extras]
develop = ["build (>=0.5.1)", "coverage (>=4.4)", "pylint", "pytest (<5.0)", "pytest (>=5.0)", "pytest-cov", "pytest-html (>=1.19.0)", "ruff", "setuptools", "setuptools-scm", "tox (>=2.8,<4.0)", "twine (>=1.13.0)", "virtualenv (<20.22.0)", "virtualenv (>=20.0.0)", "wheel"]
docs = ["Sphinx (>=1.6)", "sphinx-bootstrap-theme (>=0.6.0)"]
testing = ["pytest (<5.0)", "pytest (>=5.0)", "pytest-html (>=1.19.0)"]

[[package]]
name = "pluggy"
version = "1.5.0"
description = "plugin and hook calling mechanisms for python"
optional = false
python-versions = ">=3.8"
files = [
    {file = "pluggy-1.5.0-py3-none-any.whl", hash = "sha256:44e1ad92c8ca002de6377e165f3e0f1be63266ab4d554740532335b9d75ea669"},
    {file = "pluggy-1.5.0.tar.gz", hash = "sha256:2cffa88e94fdc978c4c574f15f9e59b7f4201d439195c3715ca9e2486f1d0cf1"},
]

[package.extras]
dev = ["pre-commit", "tox"]
testing = ["pytest", "pytest-benchmark"]

[[package]]
name = "pygame-ce"
version = "2.5.2"
description = "Python Game Development"
optional = false
python-versions = ">=3.8"
files = [
    {file = "pygame_ce-2.5.2-cp310-cp310-macosx_10_11_x86_64.whl", hash = "sha256:bf29ca5ebd6698b4e5ee4083b8afe845a2ff40418e3b2ba1a8010643135af593"},
    {file = "pygame_ce-2.5.2-cp310-cp310-macosx_11_0_arm64.whl", hash = "sha256:19887be5d3923c05cf9efa8ecaee562faffcbd98aaeab7e0f8d7e441b83aa966"},
    {file = "pygame_ce-2.5.2-cp310-cp310-manylinux_2_17_aarch64.manylinux2014_aarch64.whl", hash = "sha256:7cfabd660cd83593d194f6d34efaf5187ab9697e8f5ece9c0f6a6d37d5b93318"},
    {file = "pygame_ce-2.5.2-cp310-cp310-manylinux_2_17_i686.manylinux2014_i686.whl", hash = "sha256:ef6035c2675f4913b2ba9a4ca76164c2d3c761d1b0dd50766272f54b570b00ee"},
    {file = "pygame_ce-2.5.2-cp310-cp310-manylinux_2_17_x86_64.manylinux2014_x86_64.whl", hash = "sha256:b2ed215d347891cfa23ef381c3894a1347e87bf1a0c9ed82d2e83395861c571a"},
    {file = "pygame_ce-2.5.2-cp310-cp310-win32.whl", hash = "sha256:49564c79eaceb8ea229c595e784674aaca0e5811c40a064d1369cc9635f2c006"},
    {file = "pygame_ce-2.5.2-cp310-cp310-win_amd64.whl", hash = "sha256:ea2205837c5c3b0156cbb263420520834b735bd90a3e0c377b4ed92791261a1c"},
    {file = "pygame_ce-2.5.2-cp311-cp311-macosx_10_11_x86_64.whl", hash = "sha256:20ea7c6fc886c1108fc9c47716021d4660b319a3a4d109e9d06f3eb27bbfb5de"},
    {file = "pygame_ce-2.5.2-cp311-cp311-macosx_11_0_arm64.whl", hash = "sha256:e6fea89761e949e8b8bee79ca954bea764e10f384959745517c4e402d594c189"},
    {file = "pygame_ce-2.5.2-cp311-cp311-manylinux_2_17_aarch64.manylinux2014_aarch64.whl", hash = "sha256:587e03603186daa559d54be1c7afc04391d8bd51ff5796b46bf92867978165d8"},
    {file = "pygame_ce-2.5.2-cp311-cp311-manylinux_2_17_i686.manylinux2014_i686.whl", hash = "sha256:bcc84939f9ef9d005eff442ac2442e469e3c34c88b57ade3e900ce0a323817f4"},
    {file = "pygame_ce-2.5.2-cp311-cp311-manylinux_2_17_x86_64.manylinux2014_x86_64.whl", hash = "sha256:bfce51fddef01b68853fb8c043e03116d129b4b11decba8568324aaea220fdd9"},
    {file = "pygame_ce-2.5.2-cp311-cp311-win32.whl", hash = "sha256:e802cfd1b9c0c4ebf3b958ea57d9ca2880295473198271cbceab00a79bdc96f8"},
    {file = "pygame_ce-2.5.2-cp311-cp311-win_amd64.whl", hash = "sha256:cf4eaefeefde51f06e24b8055ab7e8b5dae8a3ba0f136137b61e1f5880a848df"},
    {file = "pygame_ce-2.5.2-cp312-cp312-macosx_10_13_x86_64.whl", hash = "sha256:f69de2c294daba34c95ef11446ee605fd4e6599068810660811fb96e08c7f123"},
    {file = "pygame_ce-2.5.2-cp312-cp312-macosx_11_0_arm64.whl", hash = "sha256:fae0032ab06e44ccc94fd835e32df7130d31876e28a067923eccebdf41906c33"},
    {file = "pygame_ce-2.5.2-cp312-cp312-manylinux_2_17_aarch64.manylinux2014_aarch64.whl", hash = "sha256:e97479753f303e481d210f44d2df48d81cb86da5b6becbfca520f674e345b30a"},
    {file = "pygame_ce-2.5.2-cp312-cp312-manylinux_2_17_i686.manylinux2014_i686.whl", hash = "sha256:ba25e1d9be0a0dcf00784732e34f275f94f1c8fe6e37eef91cbd955eb20addfb"},
    {file = "pygame_ce-2.5.2-cp312-cp312-manylinux_2_17_x86_64.manylinux2014_x86_64.whl", hash = "sha256:e457343c1916c8e9655263d692150edee237b6041ec61758338294d6b3db9e85"},
    {file = "pygame_ce-2.5.2-cp312-cp312-win32.whl", hash = "sha256:abf0acb93f906f464f3e2bccbe61210ce4346a60b2e9bc8d5c1c7a400b28df7f"},
    {file = "pygame_ce-2.5.2-cp312-cp312-win_amd64.whl", hash = "sha256:0c1c728e7060eca42cdf1bf8b018055d47b3e18d44cdb7dbe1ef7df768513dde"},
    {file = "pygame_ce-2.5.2-cp313-cp313-macosx_10_13_x86_64.whl", hash = "sha256:291d9cd568bcc47254ac1d1366f99800c8e68fcbdf57ccd40841cfd1abdaa037"},
    {file = "pygame_ce-2.5.2-cp313-cp313-macosx_11_0_arm64.whl", hash = "sha256:7ee3cec06545e544974e7b75546bf0290db634af3c8a264faa7f18bc1a0ffa77"},
    {file = "pygame_ce-2.5.2-cp313-cp313-manylinux_2_17_aarch64.manylinux2014_aarch64.whl", hash = "sha256:f788aefb76bed53623ba33659182bacc5ad1670004b124c0a9285b65acd39da9"},
    {file = "pygame_ce-2.5.2-cp313-cp313-manylinux_2_17_i686.manylinux2014_i686.whl", hash = "sha256:fdea50f9904fb5f52957c2216966b3315424ab45a1a89157cd194ede93c95f71"},
    {file = "pygame_ce-2.5.2-cp313-cp313-manylinux_2_17_x86_64.manylinux2014_x86_64.whl", hash = "sha256:da60f03332984c14561f5773dea0ce06a8ca2a132922870ea2c03097078042f4"},
    {file = "pygame_ce-2.5.2-cp313-cp313-win32.whl", hash = "sha256:b4b21c676288afbf64cfefaa729d67de5500115e6c5e1d2aa251bcfc06dce725"},
    {file = "pygame_ce-2.5.2-cp313-cp313-win_amd64.whl", hash = "sha256:bc503d5a710663d51b5c1405492bd29770e53fc69451747b0b9bb4f3a21161ff"},
    {file = "pygame_ce-2.5.2-cp38-cp38-macosx_10_11_x86_64.whl", hash = "sha256:c8b5230d07a74356b84de00dd33fbd2643131a764f858c1729ca4ed9ac918522"},
    {file = "pygame_ce-2.5.2-cp38-cp38-macosx_11_0_arm64.whl", hash = "sha256:2c22829e61a5b0554120cc49e7b32f7d2c5d8f136d51d371f5f76de8f1909822"},
    {file = "pygame_ce-2.5.2-cp38-cp38-manylinux_2_17_aarch64.manylinux2014_aarch64.whl", hash = "sha256:23a75adeb896edf1d3b7b4de4b37bddbf910307b8787a7691c90c01a28b0dbf9"},
    {file = "pygame_ce-2.5.2-cp38-cp38-manylinux_2_17_i686.manylinux2014_i686.whl", hash = "sha256:e2c39e67a5b68200455d58528bf22934400e2f6b371419a2ff61f585a37a504a"},
    {file = "pygame_ce-2.5.2-cp38-cp38-manylinux_2_17_x86_64.manylinux2014_x86_64.whl", hash = "sha256:45b262949ee669f86455a3ec2ea57e4c9786046ce9bf7828719741683c6ef23b"},
    {file = "pygame_ce-2.5.2-cp38-cp38-win32.whl", hash = "sha256:edd57ebeb70fac8c4a995a6ed849490fcc76ffe92701f1fe72ea75215a435258"},
    {file = "pygame_ce-2.5.2-cp38-cp38-win_amd64.whl", hash = "sha256:c919601f614d45c69b1cbd79820d13bcac5397bd266f67e96dcbdec2f60ddfcd"},
    {file = "pygame_ce-2.5.2-cp39-cp39-macosx_10_11_x86_64.whl", hash = "sha256:c3e1cbc106705a255f0bfd36cea2c9ef0e61c4ea2de43b065b8104b682578508"},
    {file = "pygame_ce-2.5.2-cp39-cp39-macosx_11_0_arm64.whl", hash = "sha256:676ef3c87b6c073d016a8a728869b0b875f17ac9db2227dc2dcd6a92440d25b7"},
    {file = "pygame_ce-2.5.2-cp39-cp39-manylinux_2_17_aarch64.manylinux2014_aarch64.whl", hash = "sha256:60f7013954e722e4b74b44cd35e958d42b7f96cb89b922d585c1c5b4523501a0"},
    {file = "pygame_ce-2.5.2-cp39-cp39-manylinux_2_17_i686.manylinux2014_i686.whl", hash = "sha256:42228780fd4a9a04309b4f748766efc4b81a1e17a31983bb2a73d9cb9dff30e5"},
    {file = "pygame_ce-2.5.2-cp39-cp39-manylinux_2_17_x86_64.manylinux2014_x86_64.whl", hash = "sha256:6e8318bed014ee08c4661ab1dc2c5c95bf5ac51ea10c4db2bba8b6780283cb0a"},
    {file = "pygame_ce-2.5.2-cp39-cp39-win32.whl", hash = "sha256:112a297ed53ba7a5460ffb692ce004dec0fe7ca8d67f3fee7ccb44ea46dda556"},
    {file = "pygame_ce-2.5.2-cp39-cp39-win_amd64.whl", hash = "sha256:ff43ab25f8956adcaf6e17163e791fb04f31d60618b95ae279e61d1ecd0ff1a4"},
    {file = "pygame_ce-2.5.2-pp310-pypy310_pp73-macosx_10_15_x86_64.whl", hash = "sha256:3cbd53611763ac2c18fa0870ec5897e2532866b05f5e38835eb5d54676c21a9a"},
    {file = "pygame_ce-2.5.2-pp310-pypy310_pp73-macosx_11_0_arm64.whl", hash = "sha256:f6d393f5ab0b0a1a1706c62d19a345fa7de5a49c1a925d78b72b7ba00ff79122"},
    {file = "pygame_ce-2.5.2-pp310-pypy310_pp73-manylinux_2_17_aarch64.manylinux2014_aarch64.whl", hash = "sha256:8ad453b2a93004c169a5ca5990132a49626c2cd40fb61c5e268e46f7f3c32eb1"},
    {file = "pygame_ce-2.5.2-pp310-pypy310_pp73-manylinux_2_17_i686.manylinux2014_i686.whl", hash = "sha256:aa92c6cea0581ff1b15900c445a7c514f99c748e564c6b2de9d55ba697b58867"},
    {file = "pygame_ce-2.5.2-pp310-pypy310_pp73-manylinux_2_17_x86_64.manylinux2014_x86_64.whl", hash = "sha256:18287dce6b56681b31f7ac4287a39c8b47c5ffea5f7c9b056781da268497fa61"},
    {file = "pygame_ce-2.5.2-pp310-pypy310_pp73-win_amd64.whl", hash = "sha256:33d12ccdf0cf6267206940edd19c9cbc540356c02dbb418393cdf1287306a1cd"},
    {file = "pygame_ce-2.5.2-pp38-pypy38_pp73-macosx_10_11_x86_64.whl", hash = "sha256:b6d446927ff3e77306dee1325ff3d177d28a0069a8f1ceb396b1d5fe140fd85a"},
    {file = "pygame_ce-2.5.2-pp38-pypy38_pp73-macosx_11_0_arm64.whl", hash = "sha256:d70d0ca13a939cf063f9c11e6f18a07ee6a0a5197a93b9da1b2895afb134bca9"},
    {file = "pygame_ce-2.5.2-pp38-pypy38_pp73-manylinux_2_17_aarch64.manylinux2014_aarch64.whl", hash = "sha256:a35199885030c8d41b74611d06fe16bf1f43342c3c155bab2898b507936ea8ec"},
    {file = "pygame_ce-2.5.2-pp38-pypy38_pp73-manylinux_2_17_i686.manylinux2014_i686.whl", hash = "sha256:a222e093bddc471254d898d84ce88a085e7bb761c5b194f28b0a0c13bb6bd206"},
    {file = "pygame_ce-2.5.2-pp38-pypy38_pp73-manylinux_2_17_x86_64.manylinux2014_x86_64.whl", hash = "sha256:a5050b33bfdb488d129c94d18528846c1f7ffc5fa8f08ddcd47f43e77c71f4ae"},
    {file = "pygame_ce-2.5.2-pp38-pypy38_pp73-win_amd64.whl", hash = "sha256:a12d3242098f87a2f7ad591ac93e4f82bdd6039648af28fecdf9d32d137e4e9f"},
    {file = "pygame_ce-2.5.2-pp39-pypy39_pp73-macosx_10_15_x86_64.whl", hash = "sha256:59a0eb48fd526a5b5e2d52fa180a3928495cbf8248752b0921e3d8d65b17ccaf"},
    {file = "pygame_ce-2.5.2-pp39-pypy39_pp73-macosx_11_0_arm64.whl", hash = "sha256:1c05036b5a02e9ea714ec0ae24c6d0f70e5ba067459b4cd9508d97de22204db1"},
    {file = "pygame_ce-2.5.2-pp39-pypy39_pp73-manylinux_2_17_aarch64.manylinux2014_aarch64.whl", hash = "sha256:ea3d4e74835554bba08ea44ac14b707e02574327e3e6d71b8ac176f6234cd952"},
    {file = "pygame_ce-2.5.2-pp39-pypy39_pp73-manylinux_2_17_i686.manylinux2014_i686.whl", hash = "sha256:ca802987b9b4471dbe7319241a92a95f77701d31147924f7601cf1b0aec48374"},
    {file = "pygame_ce-2.5.2-pp39-pypy39_pp73-manylinux_2_17_x86_64.manylinux2014_x86_64.whl", hash = "sha256:efd40a2fa86c48f3fd63f5a37c809d063c39b449872beb9b36a818be6d1d1a6c"},
    {file = "pygame_ce-2.5.2-pp39-pypy39_pp73-win_amd64.whl", hash = "sha256:7a132f48403d2622ebd9d6365d75b3f756b436db0887b62c2c524f79fc0cc749"},
    {file = "pygame_ce-2.5.2.tar.gz", hash = "sha256:4c6729df05d013bb8f1ab50165506f1649077cc632d16167d5c493c69673cad9"},
]

[[package]]
name = "pytest"
version = "8.3.4"
description = "pytest: simple powerful testing with Python"
optional = false
python-versions = ">=3.8"
files = [
    {file = "pytest-8.3.4-py3-none-any.whl", hash = "sha256:50e16d954148559c9a74109af1eaf0c945ba2d8f30f0a3d3335edde19788b6f6"},
    {file = "pytest-8.3.4.tar.gz", hash = "sha256:965370d062bce11e73868e0335abac31b4d3de0e82f4007408d242b4f8610761"},
]

[package.dependencies]
colorama = {version = "*", markers = "sys_platform == \"win32\""}
iniconfig = "*"
packaging = "*"
pluggy = ">=1.5,<2"

[package.extras]
dev = ["argcomplete", "attrs (>=19.2)", "hypothesis (>=3.56)", "mock", "pygments (>=2.7.2)", "requests", "setuptools", "xmlschema"]

[[package]]
name = "six"
version = "1.16.0"
description = "Python 2 and 3 compatibility utilities"
optional = false
python-versions = ">=2.7, !=3.0.*, !=3.1.*, !=3.2.*"
files = [
    {file = "six-1.16.0-py2.py3-none-any.whl", hash = "sha256:8abb2f1d86890a2dfb989f9a77cfcfd3e47c2a354b01111771326f8aa26e0254"},
    {file = "six-1.16.0.tar.gz", hash = "sha256:1e61c37477a1626458e36f7b1d82aa5c9b094fa4802892072e49de9c60c4c926"},
]

[metadata]
lock-version = "2.0"
python-versions = ">=3.11"
content-hash = "d03d6eda68a8c775fbe265a69ba1e6a163a29d2e19ca6399b6ab8bf963e01dde"
